
Microsoft Visual Studio Solution File, Format Version 12.00
# Visual Studio Version 17
VisualStudioVersion = 17.3.32825.248
MinimumVisualStudioVersion = 10.0.40219.1
Project("{FAE04EC0-301F-11D3-BF4B-00C04F79EFBC}") = "THLP_Web", "THLP_Web\THLP_Web.csproj", "{92997791-38C4-400A-B7E1-22E45C47E09A}"
EndProject
Global
	GlobalSection(SolutionConfigurationPlatforms) = preSolution
		Debug|Any CPU = Debug|Any CPU
		Release|Any CPU = Release|Any CPU
	EndGlobalSection
	GlobalSection(ProjectConfigurationPlatforms) = postSolution
		{92997791-38C4-400A-B7E1-22E45C47E09A}.Debug|Any CPU.ActiveCfg = Debug|Any CPU
		{92997791-38C4-400A-B7E1-22E45C47E09A}.Debug|Any CPU.Build.0 = Debug|Any CPU
		{92997791-38C4-400A-B7E1-22E45C47E09A}.Release|Any CPU.ActiveCfg = Release|Any CPU
		{92997791-38C4-400A-B7E1-22E45C47E09A}.Release|Any CPU.Build.0 = Release|Any CPU
	EndGlobalSection
	GlobalSection(SolutionProperties) = preSolution
		HideSolutionNode = FALSE
	EndGlobalSection
	GlobalSection(ExtensibilityGlobals) = postSolution
		SolutionGuid = {300BAFF3-526D-4C28-99E0-A636933C19E9}
	EndGlobalSection
EndGlobal
